// !$*UTF8*$!
{
	archiveVersion = 1;
	classes = {
	};
	objectVersion = 50;
	objects = {

/* Begin PBXBuildFile section */
		1029E392038594A502A8E662 /* Pods_Demo_PayU.framework in Frameworks */ = {isa = PBXBuildFile; fileRef = 5D340C4C733430486486020D /* Pods_Demo_PayU.framework */; };
		DCA700752491C5C1004CC521 /* AppDelegate.swift in Sources */ = {isa = PBXBuildFile; fileRef = DCA700742491C5C1004CC521 /* AppDelegate.swift */; };
		DCA700772491C5C1004CC521 /* SceneDelegate.swift in Sources */ = {isa = PBXBuildFile; fileRef = DCA700762491C5C1004CC521 /* SceneDelegate.swift */; };
		DCA700792491C5C1004CC521 /* ViewController.swift in Sources */ = {isa = PBXBuildFile; fileRef = DCA700782491C5C1004CC521 /* ViewController.swift */; };
		DCA7007C2491C5C1004CC521 /* Main.storyboard in Resources */ = {isa = PBXBuildFile; fileRef = DCA7007A2491C5C1004CC521 /* Main.storyboard */; };
		DCA7007E2491C5C3004CC521 /* Assets.xcassets in Resources */ = {isa = PBXBuildFile; fileRef = DCA7007D2491C5C3004CC521 /* Assets.xcassets */; };
		DCA700812491C5C3004CC521 /* LaunchScreen.storyboard in Resources */ = {isa = PBXBuildFile; fileRef = DCA7007F2491C5C3004CC521 /* LaunchScreen.storyboard */; };
/* End PBXBuildFile section */

/* Begin PBXFileReference section */
		17E61EC0B294E28421ADD221 /* Pods-Demo_PayU.debug.xcconfig */ = {isa = PBXFileReference; includeInIndex = 1; lastKnownFileType = text.xcconfig; name = "Pods-Demo_PayU.debug.xcconfig"; path = "Target Support Files/Pods-Demo_PayU/Pods-Demo_PayU.debug.xcconfig"; sourceTree = "<group>"; };
		5D340C4C733430486486020D /* Pods_Demo_PayU.framework */ = {isa = PBXFileReference; explicitFileType = wrapper.framework; includeInIndex = 0; path = Pods_Demo_PayU.framework; sourceTree = BUILT_PRODUCTS_DIR; };
		6938011551A18C607F934D96 /* Pods-Demo_PayU.release.xcconfig */ = {isa = PBXFileReference; includeInIndex = 1; lastKnownFileType = text.xcconfig; name = "Pods-Demo_PayU.release.xcconfig"; path = "Target Support Files/Pods-Demo_PayU/Pods-Demo_PayU.release.xcconfig"; sourceTree = "<group>"; };
		DCA700712491C5C1004CC521 /* Demo_PayU.app */ = {isa = PBXFileReference; explicitFileType = wrapper.application; includeInIndex = 0; path = Demo_PayU.app; sourceTree = BUILT_PRODUCTS_DIR; };
		DCA700742491C5C1004CC521 /* AppDelegate.swift */ = {isa = PBXFileReference; lastKnownFileType = sourcecode.swift; path = AppDelegate.swift; sourceTree = "<group>"; };
		DCA700762491C5C1004CC521 /* SceneDelegate.swift */ = {isa = PBXFileReference; lastKnownFileType = sourcecode.swift; path = SceneDelegate.swift; sourceTree = "<group>"; };
		DCA700782491C5C1004CC521 /* ViewController.swift */ = {isa = PBXFileReference; lastKnownFileType = sourcecode.swift; path = ViewController.swift; sourceTree = "<group>"; };
		DCA7007B2491C5C1004CC521 /* Base */ = {isa = PBXFileReference; lastKnownFileType = file.storyboard; name = Base; path = Base.lproj/Main.storyboard; sourceTree = "<group>"; };
		DCA7007D2491C5C3004CC521 /* Assets.xcassets */ = {isa = PBXFileReference; lastKnownFileType = folder.assetcatalog; path = Assets.xcassets; sourceTree = "<group>"; };
		DCA700802491C5C3004CC521 /* Base */ = {isa = PBXFileReference; lastKnownFileType = file.storyboard; name = Base; path = Base.lproj/LaunchScreen.storyboard; sourceTree = "<group>"; };
		DCA700822491C5C3004CC521 /* Info.plist */ = {isa = PBXFileReference; lastKnownFileType = text.plist.xml; path = Info.plist; sourceTree = "<group>"; };
/* End PBXFileReference section */

/* Begin PBXFrameworksBuildPhase section */
		DCA7006E2491C5C1004CC521 /* Frameworks */ = {
			isa = PBXFrameworksBuildPhase;
			buildActionMask = 2147483647;
			files = (
				1029E392038594A502A8E662 /* Pods_Demo_PayU.framework in Frameworks */,
			);
			runOnlyForDeploymentPostprocessing = 0;
		};
/* End PBXFrameworksBuildPhase section */

/* Begin PBXGroup section */
		2795411B3B55DF5847C2E0D6 /* Pods */ = {
			isa = PBXGroup;
			children = (
				17E61EC0B294E28421ADD221 /* Pods-Demo_PayU.debug.xcconfig */,
				6938011551A18C607F934D96 /* Pods-Demo_PayU.release.xcconfig */,
			);
			name = Pods;
			path = Pods;
			sourceTree = "<group>";
		};
		C6F0F85BB1357C5DAD79822B /* Frameworks */ = {
			isa = PBXGroup;
			children = (
				5D340C4C733430486486020D /* Pods_Demo_PayU.framework */,
			);
			name = Frameworks;
			sourceTree = "<group>";
		};
		DCA700682491C5C1004CC521 = {
			isa = PBXGroup;
			children = (
				DCA700732491C5C1004CC521 /* Demo_PayU */,
				DCA700722491C5C1004CC521 /* Products */,
				2795411B3B55DF5847C2E0D6 /* Pods */,
				C6F0F85BB1357C5DAD79822B /* Frameworks */,
			);
			sourceTree = "<group>";
		};
		DCA700722491C5C1004CC521 /* Products */ = {
			isa = PBXGroup;
			children = (
				DCA700712491C5C1004CC521 /* Demo_PayU.app */,
			);
			name = Products;
			sourceTree = "<group>";
		};
		DCA700732491C5C1004CC521 /* Demo_PayU */ = {
			isa = PBXGroup;
			children = (
				DCA700742491C5C1004CC521 /* AppDelegate.swift */,
				DCA700762491C5C1004CC521 /* SceneDelegate.swift */,
				DCA700782491C5C1004CC521 /* ViewController.swift */,
				DCA7007A2491C5C1004CC521 /* Main.storyboard */,
				DCA7007D2491C5C3004CC521 /* Assets.xcassets */,
				DCA7007F2491C5C3004CC521 /* LaunchScreen.storyboard */,
				DCA700822491C5C3004CC521 /* Info.plist */,
			);
			path = Demo_PayU;
			sourceTree = "<group>";
		};
/* End PBXGroup section */

/* Begin PBXNativeTarget section */
		DCA700702491C5C1004CC521 /* Demo_PayU */ = {
			isa = PBXNativeTarget;
			buildConfigurationList = DCA700852491C5C3004CC521 /* Build configuration list for PBXNativeTarget "Demo_PayU" */;
			buildPhases = (
				7F13ACFA0DE308AC43BE7370 /* [CP] Check Pods Manifest.lock */,
				DCA7006D2491C5C1004CC521 /* Sources */,
				DCA7006E2491C5C1004CC521 /* Frameworks */,
				DCA7006F2491C5C1004CC521 /* Resources */,
				2C8DA2BB42767BDAE86A78D8 /* [CP] Embed Pods Frameworks */,
			);
			buildRules = (
			);
			dependencies = (
			);
			name = Demo_PayU;
			productName = Demo_PayU;
			productReference = DCA700712491C5C1004CC521 /* Demo_PayU.app */;
			productType = "com.apple.product-type.application";
		};
/* End PBXNativeTarget section */

/* Begin PBXProject section */
		DCA700692491C5C1004CC521 /* Project object */ = {
			isa = PBXProject;
			attributes = {
				LastSwiftUpdateCheck = 1130;
				LastUpgradeCheck = 1130;
				ORGANIZATIONNAME = saurabh;
				TargetAttributes = {
					DCA700702491C5C1004CC521 = {
						CreatedOnToolsVersion = 11.3.1;
					};
				};
			};
			buildConfigurationList = DCA7006C2491C5C1004CC521 /* Build configuration list for PBXProject "Demo_PayU" */;
			compatibilityVersion = "Xcode 9.3";
			developmentRegion = en;
			hasScannedForEncodings = 0;
			knownRegions = (
				en,
				Base,
			);
			mainGroup = DCA700682491C5C1004CC521;
			productRefGroup = DCA700722491C5C1004CC521 /* Products */;
			projectDirPath = "";
			projectRoot = "";
			targets = (
				DCA700702491C5C1004CC521 /* Demo_PayU */,
			);
		};
/* End PBXProject section */

/* Begin PBXResourcesBuildPhase section */
		DCA7006F2491C5C1004CC521 /* Resources */ = {
			isa = PBXResourcesBuildPhase;
			buildActionMask = 2147483647;
			files = (
				DCA700812491C5C3004CC521 /* LaunchScreen.storyboard in Resources */,
				DCA7007E2491C5C3004CC521 /* Assets.xcassets in Resources */,
				DCA7007C2491C5C1004CC521 /* Main.storyboard in Resources */,
			);
			runOnlyForDeploymentPostprocessing = 0;
		};
/* End PBXResourcesBuildPhase section */

/* Begin PBXShellScriptBuildPhase section */
		2C8DA2BB42767BDAE86A78D8 /* [CP] Embed Pods Frameworks */ = {
			isa = PBXShellScriptBuildPhase;
			buildActionMask = 2147483647;
			files = (
			);
			inputFileListPaths = (
				"${PODS_ROOT}/Target Support Files/Pods-Demo_PayU/Pods-Demo_PayU-frameworks-${CONFIGURATION}-input-files.xcfilelist",
			);
			name = "[CP] Embed Pods Frameworks";
			outputFileListPaths = (
				"${PODS_ROOT}/Target Support Files/Pods-Demo_PayU/Pods-Demo_PayU-frameworks-${CONFIGURATION}-output-files.xcfilelist",
			);
			runOnlyForDeploymentPostprocessing = 0;
			shellPath = /bin/sh;
			shellScript = "\"${PODS_ROOT}/Target Support Files/Pods-Demo_PayU/Pods-Demo_PayU-frameworks.sh\"\n";
			showEnvVarsInLog = 0;
		};
		7F13ACFA0DE308AC43BE7370 /* [CP] Check Pods Manifest.lock */ = {
			isa = PBXShellScriptBuildPhase;
			buildActionMask = 2147483647;
			files = (
			);
			inputFileListPaths = (
			);
			inputPaths = (
				"${PODS_PODFILE_DIR_PATH}/Podfile.lock",
				"${PODS_ROOT}/Manifest.lock",
			);
			name = "[CP] Check Pods Manifest.lock";
			outputFileListPaths = (
			);
			outputPaths = (
				"$(DERIVED_FILE_DIR)/Pods-Demo_PayU-checkManifestLockResult.txt",
			);
			runOnlyForDeploymentPostprocessing = 0;
			shellPath = /bin/sh;
			shellScript = "diff \"${PODS_PODFILE_DIR_PATH}/Podfile.lock\" \"${PODS_ROOT}/Manifest.lock\" > /dev/null\nif [ $? != 0 ] ; then\n    # print error to STDERR\n    echo \"error: The sandbox is not in sync with the Podfile.lock. Run 'pod install' or update your CocoaPods installation.\" >&2\n    exit 1\nfi\n# This output is used by Xcode 'outputs' to avoid re-running this script phase.\necho \"SUCCESS\" > \"${SCRIPT_OUTPUT_FILE_0}\"\n";
			showEnvVarsInLog = 0;
		};
/* End PBXShellScriptBuildPhase section */

/* Begin PBXSourcesBuildPhase section */
		DCA7006D2491C5C1004CC521 /* Sources */ = {
			isa = PBXSourcesBuildPhase;
			buildActionMask = 2147483647;
			files = (
				DCA700792491C5C1004CC521 /* ViewController.swift in Sources */,
				DCA700752491C5C1004CC521 /* AppDelegate.swift in Sources */,
				DCA700772491C5C1004CC521 /* SceneDelegate.swift in Sources */,
			);
			runOnlyForDeploymentPostprocessing = 0;
		};
/* End PBXSourcesBuildPhase section */

/* Begin PBXVariantGroup section */
		DCA7007A2491C5C1004CC521 /* Main.storyboard */ = {
			isa = PBXVariantGroup;
			children = (
				DCA7007B2491C5C1004CC521 /* Base */,
			);
			name = Main.storyboard;
			sourceTree = "<group>";
		};
		DCA7007F2491C5C3004CC521 /* LaunchScreen.storyboard */ = {
			isa = PBXVariantGroup;
			children = (
				DCA700802491C5C3004CC521 /* Base */,
			);
			name = LaunchScreen.storyboard;
			sourceTree = "<group>";
		};
/* End PBXVariantGroup section */

/* Begin XCBuildConfiguration section */
		DCA700832491C5C3004CC521 /* Debug */ = {
			isa = XCBuildConfiguration;
			buildSettings = {
				ALWAYS_SEARCH_USER_PATHS = NO;
				CLANG_ANALYZER_NONNULL = YES;
				CLANG_ANALYZER_NUMBER_OBJECT_CONVERSION = YES_AGGRESSIVE;
				CLANG_CXX_LANGUAGE_STANDARD = "gnu++14";
				CLANG_CXX_LIBRARY = "libc++";
				CLANG_ENABLE_MODULES = YES;
				CLANG_ENABLE_OBJC_ARC = YES;
				CLANG_ENABLE_OBJC_WEAK = YES;
				CLANG_WARN_BLOCK_CAPTURE_AUTORELEASING = YES;
				CLANG_WARN_BOOL_CONVERSION = YES;
				CLANG_WARN_COMMA = YES;
				CLANG_WARN_CONSTANT_CONVERSION = YES;
				CLANG_WARN_DEPRECATED_OBJC_IMPLEMENTATIONS = YES;
				CLANG_WARN_DIRECT_OBJC_ISA_USAGE = YES_ERROR;
				CLANG_WARN_DOCUMENTATION_COMMENTS = YES;
				CLANG_WARN_EMPTY_BODY = YES;
				CLANG_WARN_ENUM_CONVERSION = YES;
				CLANG_WARN_INFINITE_RECURSION = YES;
				CLANG_WARN_INT_CONVERSION = YES;
				CLANG_WARN_NON_LITERAL_NULL_CONVERSION = YES;
				CLANG_WARN_OBJC_IMPLICIT_RETAIN_SELF = YES;
				CLANG_WARN_OBJC_LITERAL_CONVERSION = YES;
				CLANG_WARN_OBJC_ROOT_CLASS = YES_ERROR;
				CLANG_WARN_RANGE_LOOP_ANALYSIS = YES;
				CLANG_WARN_STRICT_PROTOTYPES = YES;
				CLANG_WARN_SUSPICIOUS_MOVE = YES;
				CLANG_WARN_UNGUARDED_AVAILABILITY = YES_AGGRESSIVE;
				CLANG_WARN_UNREACHABLE_CODE = YES;
				CLANG_WARN__DUPLICATE_METHOD_MATCH = YES;
				COPY_PHASE_STRIP = NO;
				DEBUG_INFORMATION_FORMAT = dwarf;
				ENABLE_STRICT_OBJC_MSGSEND = YES;
				ENABLE_TESTABILITY = YES;
				GCC_C_LANGUAGE_STANDARD = gnu11;
				GCC_DYNAMIC_NO_PIC = NO;
				GCC_NO_COMMON_BLOCKS = YES;
				GCC_OPTIMIZATION_LEVEL = 0;
				GCC_PREPROCESSOR_DEFINITIONS = (
					"DEBUG=1",
					"$(inherited)",
				);
				GCC_WARN_64_TO_32_BIT_CONVERSION = YES;
				GCC_WARN_ABOUT_RETURN_TYPE = YES_ERROR;
				GCC_WARN_UNDECLARED_SELECTOR = YES;
				GCC_WARN_UNINITIALIZED_AUTOS = YES_AGGRESSIVE;
				GCC_WARN_UNUSED_FUNCTION = YES;
				GCC_WARN_UNUSED_VARIABLE = YES;
				IPHONEOS_DEPLOYMENT_TARGET = 13.2;
				MTL_ENABLE_DEBUG_INFO = INCLUDE_SOURCE;
				MTL_FAST_MATH = YES;
				ONLY_ACTIVE_ARCH = YES;
				SDKROOT = iphoneos;
				SWIFT_ACTIVE_COMPILATION_CONDITIONS = DEBUG;
				SWIFT_OPTIMIZATION_LEVEL = "-Onone";
			};
			name = Debug;
		};
		DCA700842491C5C3004CC521 /* Release */ = {
			isa = XCBuildConfiguration;
			buildSettings = {
				ALWAYS_SEARCH_USER_PATHS = NO;
				CLANG_ANALYZER_NONNULL = YES;
				CLANG_ANALYZER_NUMBER_OBJECT_CONVERSION = YES_AGGRESSIVE;
				CLANG_CXX_LANGUAGE_STANDARD = "gnu++14";
				CLANG_CXX_LIBRARY = "libc++";
				CLANG_ENABLE_MODULES = YES;
				CLANG_ENABLE_OBJC_ARC = YES;
				CLANG_ENABLE_OBJC_WEAK = YES;
				CLANG_WARN_BLOCK_CAPTURE_AUTORELEASING = YES;
				CLANG_WARN_BOOL_CONVERSION = YES;
				CLANG_WARN_COMMA = YES;
				CLANG_WARN_CONSTANT_CONVERSION = YES;
				CLANG_WARN_DEPRECATED_OBJC_IMPLEMENTATIONS = YES;
				CLANG_WARN_DIRECT_OBJC_ISA_USAGE = YES_ERROR;
				CLANG_WARN_DOCUMENTATION_COMMENTS = YES;
				CLANG_WARN_EMPTY_BODY = YES;
				CLANG_WARN_ENUM_CONVERSION = YES;
				CLANG_WARN_INFINITE_RECURSION = YES;
				CLANG_WARN_INT_CONVERSION = YES;
				CLANG_WARN_NON_LITERAL_NULL_CONVERSION = YES;
				CLANG_WARN_OBJC_IMPLICIT_RETAIN_SELF = YES;
				CLANG_WARN_OBJC_LITERAL_CONVERSION = YES;
				CLANG_WARN_OBJC_ROOT_CLASS = YES_ERROR;
				CLANG_WARN_RANGE_LOOP_ANALYSIS = YES;
				CLANG_WARN_STRICT_PROTOTYPES = YES;
				CLANG_WARN_SUSPICIOUS_MOVE = YES;
				CLANG_WARN_UNGUARDED_AVAILABILITY = YES_AGGRESSIVE;
				CLANG_WARN_UNREACHABLE_CODE = YES;
				CLANG_WARN__DUPLICATE_METHOD_MATCH = YES;
				COPY_PHASE_STRIP = NO;
				DEBUG_INFORMATION_FORMAT = "dwarf-with-dsym";
				ENABLE_NS_ASSERTIONS = NO;
				ENABLE_STRICT_OBJC_MSGSEND = YES;
				GCC_C_LANGUAGE_STANDARD = gnu11;
				GCC_NO_COMMON_BLOCKS = YES;
				GCC_WARN_64_TO_32_BIT_CONVERSION = YES;
				GCC_WARN_ABOUT_RETURN_TYPE = YES_ERROR;
				GCC_WARN_UNDECLARED_SELECTOR = YES;
				GCC_WARN_UNINITIALIZED_AUTOS = YES_AGGRESSIVE;
				GCC_WARN_UNUSED_FUNCTION = YES;
				GCC_WARN_UNUSED_VARIABLE = YES;
				IPHONEOS_DEPLOYMENT_TARGET = 13.2;
				MTL_ENABLE_DEBUG_INFO = NO;
				MTL_FAST_MATH = YES;
				SDKROOT = iphoneos;
				SWIFT_COMPILATION_MODE = wholemodule;
				SWIFT_OPTIMIZATION_LEVEL = "-O";
				VALIDATE_PRODUCT = YES;
			};
			name = Release;
		};
		DCA700862491C5C3004CC521 /* Debug */ = {
			isa = XCBuildConfiguration;
			baseConfigurationReference = 17E61EC0B294E28421ADD221 /* Pods-Demo_PayU.debug.xcconfig */;
			buildSettings = {
				ASSETCATALOG_COMPILER_APPICON_NAME = AppIcon;
				CODE_SIGN_STYLE = Automatic;
				DEVELOPMENT_TEAM = 6UG5D73DV5;
				INFOPLIST_FILE = Demo_PayU/Info.plist;
				LD_RUNPATH_SEARCH_PATHS = (
					"$(inherited)",
					"@executable_path/Frameworks",
				);
				PRODUCT_BUNDLE_IDENTIFIER = "com.saurabh.Demo-PayU";
				PRODUCT_NAME = "$(TARGET_NAME)";
				SWIFT_VERSION = 5.0;
				TARGETED_DEVICE_FAMILY = "1,2";
			};
			name = Debug;
		};
		DCA700872491C5C3004CC521 /* Release */ = {
			isa = XCBuildConfiguration;
			baseConfigurationReference = 6938011551A18C607F934D96 /* Pods-Demo_PayU.release.xcconfig */;
			buildSettings = {
				ASSETCATALOG_COMPILER_APPICON_NAME = AppIcon;
				CODE_SIGN_STYLE = Automatic;
				DEVELOPMENT_TEAM = 6UG5D73DV5;
				INFOPLIST_FILE = Demo_PayU/Info.plist;
				LD_RUNPATH_SEARCH_PATHS = (
					"$(inherited)",
					"@executable_path/Frameworks",
				);
				PRODUCT_BUNDLE_IDENTIFIER = "com.saurabh.Demo-PayU";
				PRODUCT_NAME = "$(TARGET_NAME)";
				SWIFT_VERSION = 5.0;
				TARGETED_DEVICE_FAMILY = "1,2";
			};
			name = Release;
		};
/* End XCBuildConfiguration section */

/* Begin XCConfigurationList section */
		DCA7006C2491C5C1004CC521 /* Build configuration list for PBXProject "Demo_PayU" */ = {
			isa = XCConfigurationList;
			buildConfigurations = (
				DCA700832491C5C3004CC521 /* Debug */,
				DCA700842491C5C3004CC521 /* Release */,
			);
			defaultConfigurationIsVisible = 0;
			defaultConfigurationName = Release;
		};
		DCA700852491C5C3004CC521 /* Build configuration list for PBXNativeTarget "Demo_PayU" */ = {
			isa = XCConfigurationList;
			buildConfigurations = (
				DCA700862491C5C3004CC521 /* Debug */,
				DCA700872491C5C3004CC521 /* Release */,
			);
			defaultConfigurationIsVisible = 0;
			defaultConfigurationName = Release;
		};
/* End XCConfigurationList section */
	};
	rootObject = DCA700692491C5C1004CC521 /* Project object */;
}
